// !$*UTF8*$!
{
	archiveVersion = 1;
	classes = {
	};
	objectVersion = 51;
	objects = {

/* Begin PBXBuildFile section */
		819BE5256095B645C0EE89E0 /* Pods_SpaceX.framework in Frameworks */ = {isa = PBXBuildFile; fileRef = B357761789BEB3F99BE3DE7A /* Pods_SpaceX.framework */; };
		A95F14B3260D3A4400B3C423 /* AppDelegate.swift in Sources */ = {isa = PBXBuildFile; fileRef = A95F14B2260D3A4400B3C423 /* AppDelegate.swift */; };
		A95F14BA260D3A4400B3C423 /* Main.storyboard in Resources */ = {isa = PBXBuildFile; fileRef = A95F14B8260D3A4400B3C423 /* Main.storyboard */; };
		A95F14BC260D3A4500B3C423 /* Assets.xcassets in Resources */ = {isa = PBXBuildFile; fileRef = A95F14BB260D3A4500B3C423 /* Assets.xcassets */; };
		A95F14BF260D3A4500B3C423 /* LaunchScreen.storyboard in Resources */ = {isa = PBXBuildFile; fileRef = A95F14BD260D3A4500B3C423 /* LaunchScreen.storyboard */; };
		A95F14E8260D3C4500B3C423 /* LaunchSelectable.swift in Sources */ = {isa = PBXBuildFile; fileRef = A95F14E7260D3C4500B3C423 /* LaunchSelectable.swift */; };
		A95F14F0260D3C5200B3C423 /* Selectable.swift in Sources */ = {isa = PBXBuildFile; fileRef = A95F14EF260D3C5200B3C423 /* Selectable.swift */; };
		A95F14F5260D3C5F00B3C423 /* Configurable.swift in Sources */ = {isa = PBXBuildFile; fileRef = A95F14F4260D3C5F00B3C423 /* Configurable.swift */; };
		A95F14FA260D3C9700B3C423 /* LaunchCellRepresentable.swift in Sources */ = {isa = PBXBuildFile; fileRef = A95F14F9260D3C9600B3C423 /* LaunchCellRepresentable.swift */; };
		A95F14FF260D3CA500B3C423 /* Reusable.swift in Sources */ = {isa = PBXBuildFile; fileRef = A95F14FE260D3CA500B3C423 /* Reusable.swift */; };
		A95F1504260D3CE100B3C423 /* LaunchTableViewCell.swift in Sources */ = {isa = PBXBuildFile; fileRef = A95F1503260D3CE100B3C423 /* LaunchTableViewCell.swift */; };
		A95F150A260D3D4400B3C423 /* Launch.swift in Sources */ = {isa = PBXBuildFile; fileRef = A95F1509260D3D4400B3C423 /* Launch.swift */; };
		A95F150F260D3D4B00B3C423 /* Rocket.swift in Sources */ = {isa = PBXBuildFile; fileRef = A95F150E260D3D4B00B3C423 /* Rocket.swift */; };
		A95F1522260D3EA900B3C423 /* LaunchTableViewCell.xib in Resources */ = {isa = PBXBuildFile; fileRef = A95F1521260D3EA900B3C423 /* LaunchTableViewCell.xib */; };
		A95F152A260D3FB700B3C423 /* LaunchViewModel.swift in Sources */ = {isa = PBXBuildFile; fileRef = A95F1529260D3FB700B3C423 /* LaunchViewModel.swift */; };
		A95F1530260D418A00B3C423 /* LaunchListViewController.swift in Sources */ = {isa = PBXBuildFile; fileRef = A95F152F260D418A00B3C423 /* LaunchListViewController.swift */; };
		A95F1535260D419500B3C423 /* LaunchListViewModel.swift in Sources */ = {isa = PBXBuildFile; fileRef = A95F1534260D419500B3C423 /* LaunchListViewModel.swift */; };
		A95F153B260D41C300B3C423 /* SpacexService.swift in Sources */ = {isa = PBXBuildFile; fileRef = A95F153A260D41C300B3C423 /* SpacexService.swift */; };
		A95F1540260D429400B3C423 /* NetworkService.swift in Sources */ = {isa = PBXBuildFile; fileRef = A95F153F260D429400B3C423 /* NetworkService.swift */; };
		A95F154A260D495800B3C423 /* BaseCoordinator.swift in Sources */ = {isa = PBXBuildFile; fileRef = A95F1549260D495800B3C423 /* BaseCoordinator.swift */; };
		A95F1552260D496300B3C423 /* Router.swift in Sources */ = {isa = PBXBuildFile; fileRef = A95F1551260D496300B3C423 /* Router.swift */; };
		A95F1558260D497A00B3C423 /* CoordinatorType.swift in Sources */ = {isa = PBXBuildFile; fileRef = A95F1557260D497A00B3C423 /* CoordinatorType.swift */; };
		A95F1560260D499000B3C423 /* Coordinator.swift in Sources */ = {isa = PBXBuildFile; fileRef = A95F155F260D499000B3C423 /* Coordinator.swift */; };
		A95F1565260D49A100B3C423 /* Presentable.swift in Sources */ = {isa = PBXBuildFile; fileRef = A95F1564260D49A100B3C423 /* Presentable.swift */; };
		A95F156A260D49B300B3C423 /* RouterType.swift in Sources */ = {isa = PBXBuildFile; fileRef = A95F1569260D49B300B3C423 /* RouterType.swift */; };
		A95F1570260D4A6500B3C423 /* loader-animation.json in Resources */ = {isa = PBXBuildFile; fileRef = A95F156F260D4A6500B3C423 /* loader-animation.json */; };
		A95F157D260D4A7C00B3C423 /* Poppins-ExtraBold.ttf in Resources */ = {isa = PBXBuildFile; fileRef = A95F1575260D4A7C00B3C423 /* Poppins-ExtraBold.ttf */; };
		A95F157E260D4A7C00B3C423 /* Poppins-Regular.ttf in Resources */ = {isa = PBXBuildFile; fileRef = A95F1576260D4A7C00B3C423 /* Poppins-Regular.ttf */; };
		A95F157F260D4A7C00B3C423 /* Poppins-Bold.ttf in Resources */ = {isa = PBXBuildFile; fileRef = A95F1577260D4A7C00B3C423 /* Poppins-Bold.ttf */; };
		A95F1580260D4A7C00B3C423 /* Poppins-ExtraLight.ttf in Resources */ = {isa = PBXBuildFile; fileRef = A95F1578260D4A7C00B3C423 /* Poppins-ExtraLight.ttf */; };
		A95F1581260D4A7C00B3C423 /* Poppins-Medium.ttf in Resources */ = {isa = PBXBuildFile; fileRef = A95F1579260D4A7C00B3C423 /* Poppins-Medium.ttf */; };
		A95F1582260D4A7C00B3C423 /* Poppins-SemiBold.ttf in Resources */ = {isa = PBXBuildFile; fileRef = A95F157A260D4A7C00B3C423 /* Poppins-SemiBold.ttf */; };
		A95F1583260D4A7C00B3C423 /* Poppins-Light.ttf in Resources */ = {isa = PBXBuildFile; fileRef = A95F157B260D4A7C00B3C423 /* Poppins-Light.ttf */; };
		A95F1584260D4A7C00B3C423 /* Poppins-Thin.ttf in Resources */ = {isa = PBXBuildFile; fileRef = A95F157C260D4A7C00B3C423 /* Poppins-Thin.ttf */; };
		A95F158A260D4AD700B3C423 /* Fonts.swift in Sources */ = {isa = PBXBuildFile; fileRef = A95F1589260D4AD700B3C423 /* Fonts.swift */; };
		A95F1592260D4AEE00B3C423 /* LoaderHUD.swift in Sources */ = {isa = PBXBuildFile; fileRef = A95F1591260D4AEE00B3C423 /* LoaderHUD.swift */; };
		A95F159E260D4B4D00B3C423 /* String+ToDate.swift in Sources */ = {isa = PBXBuildFile; fileRef = A95F1597260D4B4D00B3C423 /* String+ToDate.swift */; };
		A95F159F260D4B4D00B3C423 /* UILabel+Extensions.swift in Sources */ = {isa = PBXBuildFile; fileRef = A95F1598260D4B4D00B3C423 /* UILabel+Extensions.swift */; };
		A95F15A0260D4B4D00B3C423 /* UITextfield+Extensions.swift in Sources */ = {isa = PBXBuildFile; fileRef = A95F1599260D4B4D00B3C423 /* UITextfield+Extensions.swift */; };
		A95F15A1260D4B4D00B3C423 /* UIButton+Extensions.swift in Sources */ = {isa = PBXBuildFile; fileRef = A95F159A260D4B4D00B3C423 /* UIButton+Extensions.swift */; };
		A95F15A2260D4B4D00B3C423 /* UIViewController+Extensions.swift in Sources */ = {isa = PBXBuildFile; fileRef = A95F159B260D4B4D00B3C423 /* UIViewController+Extensions.swift */; };
		A95F15A3260D4B4D00B3C423 /* UIColor+AppColors.swift in Sources */ = {isa = PBXBuildFile; fileRef = A95F159C260D4B4D00B3C423 /* UIColor+AppColors.swift */; };
		A95F15A4260D4B4D00B3C423 /* Date+Dateable.swift in Sources */ = {isa = PBXBuildFile; fileRef = A95F159D260D4B4D00B3C423 /* Date+Dateable.swift */; };
		A95F15A9260D4B6200B3C423 /* Dateable.swift in Sources */ = {isa = PBXBuildFile; fileRef = A95F15A8260D4B6200B3C423 /* Dateable.swift */; };
		A95F15AE260D4B8C00B3C423 /* CustomNavigationController.swift in Sources */ = {isa = PBXBuildFile; fileRef = A95F15AD260D4B8C00B3C423 /* CustomNavigationController.swift */; };
		A95F15B3260D4BA000B3C423 /* AppCoordinator.swift in Sources */ = {isa = PBXBuildFile; fileRef = A95F15B2260D4BA000B3C423 /* AppCoordinator.swift */; };
		A95F15B9260D4C3000B3C423 /* DependencyProvider.swift in Sources */ = {isa = PBXBuildFile; fileRef = A95F15B8260D4C3000B3C423 /* DependencyProvider.swift */; };
		A95F15BE260D4C3E00B3C423 /* HasNetworkService.swift in Sources */ = {isa = PBXBuildFile; fileRef = A95F15BD260D4C3E00B3C423 /* HasNetworkService.swift */; };
		A95F15C7260D4D5700B3C423 /* AppModuleFactory.swift in Sources */ = {isa = PBXBuildFile; fileRef = A95F15C5260D4D5700B3C423 /* AppModuleFactory.swift */; };
		A95F15C8260D4D5700B3C423 /* AppModuleFactoryType.swift in Sources */ = {isa = PBXBuildFile; fileRef = A95F15C6260D4D5700B3C423 /* AppModuleFactoryType.swift */; };
		A95F15CD260D4E3000B3C423 /* UIStoryboard+Extension.swift in Sources */ = {isa = PBXBuildFile; fileRef = A95F15CC260D4E3000B3C423 /* UIStoryboard+Extension.swift */; };
		A95F15D5260D4FF900B3C423 /* UITableView+Extensions.swift in Sources */ = {isa = PBXBuildFile; fileRef = A95F15D4260D4FF900B3C423 /* UITableView+Extensions.swift */; };
		A95F15DB260D51BB00B3C423 /* RocketDetailsViewController.swift in Sources */ = {isa = PBXBuildFile; fileRef = A95F15DA260D51BB00B3C423 /* RocketDetailsViewController.swift */; };
		A95F15E0260D51C700B3C423 /* RocketDetailsViewModel.swift in Sources */ = {isa = PBXBuildFile; fileRef = A95F15DF260D51C700B3C423 /* RocketDetailsViewModel.swift */; };
		A9B54118260FBE02008D5D9A /* RouterMock.swift in Sources */ = {isa = PBXBuildFile; fileRef = A9B54117260FBE02008D5D9A /* RouterMock.swift */; };
		A9B54120260FBE24008D5D9A /* UINavigationControllerMock.swift in Sources */ = {isa = PBXBuildFile; fileRef = A9B5411F260FBE24008D5D9A /* UINavigationControllerMock.swift */; };
		A9B54125260FBE40008D5D9A /* BaseCoordinatorTest.swift in Sources */ = {isa = PBXBuildFile; fileRef = A9B54124260FBE40008D5D9A /* BaseCoordinatorTest.swift */; };
		A9B5412A260FBFA5008D5D9A /* RouterUnitTests.swift in Sources */ = {isa = PBXBuildFile; fileRef = A9B54129260FBFA5008D5D9A /* RouterUnitTests.swift */; };
		A9B54137260FE778008D5D9A /* XCTestCase+loadFromStub.swift in Sources */ = {isa = PBXBuildFile; fileRef = A9B54136260FE778008D5D9A /* XCTestCase+loadFromStub.swift */; };
		A9B54148260FE99C008D5D9A /* Rocket.json in Resources */ = {isa = PBXBuildFile; fileRef = A9B54147260FE99C008D5D9A /* Rocket.json */; };
		A9B5414C260FE9C9008D5D9A /* DependencyProviderMock.swift in Sources */ = {isa = PBXBuildFile; fileRef = A9B5414B260FE9C9008D5D9A /* DependencyProviderMock.swift */; };
		A9B54151260FEC0A008D5D9A /* LaunchCellViewModelTests.swift in Sources */ = {isa = PBXBuildFile; fileRef = A9B54150260FEC0A008D5D9A /* LaunchCellViewModelTests.swift */; };
		A9B54157260FEDC0008D5D9A /* RocketDetailsViewModelTests.swift in Sources */ = {isa = PBXBuildFile; fileRef = A9B54156260FEDC0008D5D9A /* RocketDetailsViewModelTests.swift */; };
		A9B5415F260FEEDF008D5D9A /* Launch.json in Resources */ = {isa = PBXBuildFile; fileRef = A9B5415E260FEEDF008D5D9A /* Launch.json */; };
		DA22F7201C65F1778975C183 /* Pods_SpaceXTests.framework in Frameworks */ = {isa = PBXBuildFile; fileRef = B680A9D38EC5436FB64C8238 /* Pods_SpaceXTests.framework */; };
/* End PBXBuildFile section */

/* Begin PBXContainerItemProxy section */
		A95F14C6260D3A4600B3C423 /* PBXContainerItemProxy */ = {
			isa = PBXContainerItemProxy;
			containerPortal = A95F14A7260D3A4400B3C423 /* Project object */;
			proxyType = 1;
			remoteGlobalIDString = A95F14AE260D3A4400B3C423;
			remoteInfo = SpaceX;
		};
/* End PBXContainerItemProxy section */

/* Begin PBXFileReference section */
		02FC7A505711450BA06CB482 /* Pods-SpaceXTests.release.xcconfig */ = {isa = PBXFileReference; includeInIndex = 1; lastKnownFileType = text.xcconfig; name = "Pods-SpaceXTests.release.xcconfig"; path = "Target Support Files/Pods-SpaceXTests/Pods-SpaceXTests.release.xcconfig"; sourceTree = "<group>"; };
		2AEFAF9624CFA5BDAC0F95F6 /* Pods-SpaceXTests.debug.xcconfig */ = {isa = PBXFileReference; includeInIndex = 1; lastKnownFileType = text.xcconfig; name = "Pods-SpaceXTests.debug.xcconfig"; path = "Target Support Files/Pods-SpaceXTests/Pods-SpaceXTests.debug.xcconfig"; sourceTree = "<group>"; };
		9A79BD673396B7E9F7BCA6C0 /* Pods-SpaceX.release.xcconfig */ = {isa = PBXFileReference; includeInIndex = 1; lastKnownFileType = text.xcconfig; name = "Pods-SpaceX.release.xcconfig"; path = "Target Support Files/Pods-SpaceX/Pods-SpaceX.release.xcconfig"; sourceTree = "<group>"; };
		A95F14AF260D3A4400B3C423 /* SpaceX.app */ = {isa = PBXFileReference; explicitFileType = wrapper.application; includeInIndex = 0; path = SpaceX.app; sourceTree = BUILT_PRODUCTS_DIR; };
		A95F14B2260D3A4400B3C423 /* AppDelegate.swift */ = {isa = PBXFileReference; lastKnownFileType = sourcecode.swift; path = AppDelegate.swift; sourceTree = "<group>"; };
		A95F14B9260D3A4400B3C423 /* Base */ = {isa = PBXFileReference; lastKnownFileType = file.storyboard; name = Base; path = Base.lproj/Main.storyboard; sourceTree = "<group>"; };
		A95F14BB260D3A4500B3C423 /* Assets.xcassets */ = {isa = PBXFileReference; lastKnownFileType = folder.assetcatalog; path = Assets.xcassets; sourceTree = "<group>"; };
		A95F14BE260D3A4500B3C423 /* Base */ = {isa = PBXFileReference; lastKnownFileType = file.storyboard; name = Base; path = Base.lproj/LaunchScreen.storyboard; sourceTree = "<group>"; };
		A95F14C0260D3A4500B3C423 /* Info.plist */ = {isa = PBXFileReference; lastKnownFileType = text.plist.xml; path = Info.plist; sourceTree = "<group>"; };
		A95F14C5260D3A4600B3C423 /* SpaceXTests.xctest */ = {isa = PBXFileReference; explicitFileType = wrapper.cfbundle; includeInIndex = 0; path = SpaceXTests.xctest; sourceTree = BUILT_PRODUCTS_DIR; };
		A95F14CB260D3A4600B3C423 /* Info.plist */ = {isa = PBXFileReference; lastKnownFileType = text.plist.xml; path = Info.plist; sourceTree = "<group>"; };
		A95F14E7260D3C4500B3C423 /* LaunchSelectable.swift */ = {isa = PBXFileReference; lastKnownFileType = sourcecode.swift; path = LaunchSelectable.swift; sourceTree = "<group>"; };
		A95F14EF260D3C5200B3C423 /* Selectable.swift */ = {isa = PBXFileReference; lastKnownFileType = sourcecode.swift; path = Selectable.swift; sourceTree = "<group>"; };
		A95F14F4260D3C5F00B3C423 /* Configurable.swift */ = {isa = PBXFileReference; lastKnownFileType = sourcecode.swift; path = Configurable.swift; sourceTree = "<group>"; };
		A95F14F9260D3C9600B3C423 /* LaunchCellRepresentable.swift */ = {isa = PBXFileReference; lastKnownFileType = sourcecode.swift; path = LaunchCellRepresentable.swift; sourceTree = "<group>"; };
		A95F14FE260D3CA500B3C423 /* Reusable.swift */ = {isa = PBXFileReference; lastKnownFileType = sourcecode.swift; path = Reusable.swift; sourceTree = "<group>"; };
		A95F1503260D3CE100B3C423 /* LaunchTableViewCell.swift */ = {isa = PBXFileReference; lastKnownFileType = sourcecode.swift; path = LaunchTableViewCell.swift; sourceTree = "<group>"; };
		A95F1509260D3D4400B3C423 /* Launch.swift */ = {isa = PBXFileReference; lastKnownFileType = sourcecode.swift; path = Launch.swift; sourceTree = "<group>"; };
		A95F150E260D3D4B00B3C423 /* Rocket.swift */ = {isa = PBXFileReference; lastKnownFileType = sourcecode.swift; path = Rocket.swift; sourceTree = "<group>"; };
		A95F1521260D3EA900B3C423 /* LaunchTableViewCell.xib */ = {isa = PBXFileReference; fileEncoding = 4; lastKnownFileType = file.xib; path = LaunchTableViewCell.xib; sourceTree = "<group>"; };
		A95F1529260D3FB700B3C423 /* LaunchViewModel.swift */ = {isa = PBXFileReference; lastKnownFileType = sourcecode.swift; path = LaunchViewModel.swift; sourceTree = "<group>"; };
		A95F152F260D418A00B3C423 /* LaunchListViewController.swift */ = {isa = PBXFileReference; lastKnownFileType = sourcecode.swift; path = LaunchListViewController.swift; sourceTree = "<group>"; };
		A95F1534260D419500B3C423 /* LaunchListViewModel.swift */ = {isa = PBXFileReference; lastKnownFileType = sourcecode.swift; path = LaunchListViewModel.swift; sourceTree = "<group>"; };
		A95F153A260D41C300B3C423 /* SpacexService.swift */ = {isa = PBXFileReference; lastKnownFileType = sourcecode.swift; path = SpacexService.swift; sourceTree = "<group>"; };
		A95F153F260D429400B3C423 /* NetworkService.swift */ = {isa = PBXFileReference; lastKnownFileType = sourcecode.swift; path = NetworkService.swift; sourceTree = "<group>"; };
		A95F1549260D495800B3C423 /* BaseCoordinator.swift */ = {isa = PBXFileReference; lastKnownFileType = sourcecode.swift; path = BaseCoordinator.swift; sourceTree = "<group>"; };
		A95F1551260D496300B3C423 /* Router.swift */ = {isa = PBXFileReference; lastKnownFileType = sourcecode.swift; path = Router.swift; sourceTree = "<group>"; };
		A95F1557260D497A00B3C423 /* CoordinatorType.swift */ = {isa = PBXFileReference; lastKnownFileType = sourcecode.swift; path = CoordinatorType.swift; sourceTree = "<group>"; };
		A95F155F260D499000B3C423 /* Coordinator.swift */ = {isa = PBXFileReference; lastKnownFileType = sourcecode.swift; path = Coordinator.swift; sourceTree = "<group>"; };
		A95F1564260D49A100B3C423 /* Presentable.swift */ = {isa = PBXFileReference; lastKnownFileType = sourcecode.swift; path = Presentable.swift; sourceTree = "<group>"; };
		A95F1569260D49B300B3C423 /* RouterType.swift */ = {isa = PBXFileReference; lastKnownFileType = sourcecode.swift; path = RouterType.swift; sourceTree = "<group>"; };
		A95F156F260D4A6500B3C423 /* loader-animation.json */ = {isa = PBXFileReference; fileEncoding = 4; lastKnownFileType = text.json; path = "loader-animation.json"; sourceTree = "<group>"; };
		A95F1575260D4A7C00B3C423 /* Poppins-ExtraBold.ttf */ = {isa = PBXFileReference; lastKnownFileType = file; path = "Poppins-ExtraBold.ttf"; sourceTree = "<group>"; };
		A95F1576260D4A7C00B3C423 /* Poppins-Regular.ttf */ = {isa = PBXFileReference; lastKnownFileType = file; path = "Poppins-Regular.ttf"; sourceTree = "<group>"; };
		A95F1577260D4A7C00B3C423 /* Poppins-Bold.ttf */ = {isa = PBXFileReference; lastKnownFileType = file; path = "Poppins-Bold.ttf"; sourceTree = "<group>"; };
		A95F1578260D4A7C00B3C423 /* Poppins-ExtraLight.ttf */ = {isa = PBXFileReference; lastKnownFileType = file; path = "Poppins-ExtraLight.ttf"; sourceTree = "<group>"; };
		A95F1579260D4A7C00B3C423 /* Poppins-Medium.ttf */ = {isa = PBXFileReference; lastKnownFileType = file; path = "Poppins-Medium.ttf"; sourceTree = "<group>"; };
		A95F157A260D4A7C00B3C423 /* Poppins-SemiBold.ttf */ = {isa = PBXFileReference; lastKnownFileType = file; path = "Poppins-SemiBold.ttf"; sourceTree = "<group>"; };
		A95F157B260D4A7C00B3C423 /* Poppins-Light.ttf */ = {isa = PBXFileReference; lastKnownFileType = file; path = "Poppins-Light.ttf"; sourceTree = "<group>"; };
		A95F157C260D4A7C00B3C423 /* Poppins-Thin.ttf */ = {isa = PBXFileReference; lastKnownFileType = file; path = "Poppins-Thin.ttf"; sourceTree = "<group>"; };
		A95F1589260D4AD700B3C423 /* Fonts.swift */ = {isa = PBXFileReference; lastKnownFileType = sourcecode.swift; path = Fonts.swift; sourceTree = "<group>"; };
		A95F1591260D4AEE00B3C423 /* LoaderHUD.swift */ = {isa = PBXFileReference; lastKnownFileType = sourcecode.swift; path = LoaderHUD.swift; sourceTree = "<group>"; };
		A95F1597260D4B4D00B3C423 /* String+ToDate.swift */ = {isa = PBXFileReference; fileEncoding = 4; lastKnownFileType = sourcecode.swift; path = "String+ToDate.swift"; sourceTree = "<group>"; };
		A95F1598260D4B4D00B3C423 /* UILabel+Extensions.swift */ = {isa = PBXFileReference; fileEncoding = 4; lastKnownFileType = sourcecode.swift; path = "UILabel+Extensions.swift"; sourceTree = "<group>"; };
		A95F1599260D4B4D00B3C423 /* UITextfield+Extensions.swift */ = {isa = PBXFileReference; fileEncoding = 4; lastKnownFileType = sourcecode.swift; path = "UITextfield+Extensions.swift"; sourceTree = "<group>"; };
		A95F159A260D4B4D00B3C423 /* UIButton+Extensions.swift */ = {isa = PBXFileReference; fileEncoding = 4; lastKnownFileType = sourcecode.swift; path = "UIButton+Extensions.swift"; sourceTree = "<group>"; };
		A95F159B260D4B4D00B3C423 /* UIViewController+Extensions.swift */ = {isa = PBXFileReference; fileEncoding = 4; lastKnownFileType = sourcecode.swift; path = "UIViewController+Extensions.swift"; sourceTree = "<group>"; };
		A95F159C260D4B4D00B3C423 /* UIColor+AppColors.swift */ = {isa = PBXFileReference; fileEncoding = 4; lastKnownFileType = sourcecode.swift; path = "UIColor+AppColors.swift"; sourceTree = "<group>"; };
		A95F159D260D4B4D00B3C423 /* Date+Dateable.swift */ = {isa = PBXFileReference; fileEncoding = 4; lastKnownFileType = sourcecode.swift; path = "Date+Dateable.swift"; sourceTree = "<group>"; };
		A95F15A8260D4B6200B3C423 /* Dateable.swift */ = {isa = PBXFileReference; fileEncoding = 4; lastKnownFileType = sourcecode.swift; path = Dateable.swift; sourceTree = "<group>"; };
		A95F15AD260D4B8C00B3C423 /* CustomNavigationController.swift */ = {isa = PBXFileReference; fileEncoding = 4; lastKnownFileType = sourcecode.swift; path = CustomNavigationController.swift; sourceTree = "<group>"; };
		A95F15B2260D4BA000B3C423 /* AppCoordinator.swift */ = {isa = PBXFileReference; fileEncoding = 4; lastKnownFileType = sourcecode.swift; path = AppCoordinator.swift; sourceTree = "<group>"; };
		A95F15B8260D4C3000B3C423 /* DependencyProvider.swift */ = {isa = PBXFileReference; fileEncoding = 4; lastKnownFileType = sourcecode.swift; path = DependencyProvider.swift; sourceTree = "<group>"; };
		A95F15BD260D4C3E00B3C423 /* HasNetworkService.swift */ = {isa = PBXFileReference; lastKnownFileType = sourcecode.swift; path = HasNetworkService.swift; sourceTree = "<group>"; };
		A95F15C5260D4D5700B3C423 /* AppModuleFactory.swift */ = {isa = PBXFileReference; fileEncoding = 4; lastKnownFileType = sourcecode.swift; path = AppModuleFactory.swift; sourceTree = "<group>"; };
		A95F15C6260D4D5700B3C423 /* AppModuleFactoryType.swift */ = {isa = PBXFileReference; fileEncoding = 4; lastKnownFileType = sourcecode.swift; path = AppModuleFactoryType.swift; sourceTree = "<group>"; };
		A95F15CC260D4E3000B3C423 /* UIStoryboard+Extension.swift */ = {isa = PBXFileReference; fileEncoding = 4; lastKnownFileType = sourcecode.swift; path = "UIStoryboard+Extension.swift"; sourceTree = "<group>"; };
		A95F15D4260D4FF900B3C423 /* UITableView+Extensions.swift */ = {isa = PBXFileReference; lastKnownFileType = sourcecode.swift; path = "UITableView+Extensions.swift"; sourceTree = "<group>"; };
		A95F15DA260D51BB00B3C423 /* RocketDetailsViewController.swift */ = {isa = PBXFileReference; lastKnownFileType = sourcecode.swift; path = RocketDetailsViewController.swift; sourceTree = "<group>"; };
		A95F15DF260D51C700B3C423 /* RocketDetailsViewModel.swift */ = {isa = PBXFileReference; lastKnownFileType = sourcecode.swift; path = RocketDetailsViewModel.swift; sourceTree = "<group>"; };
		A9B54117260FBE02008D5D9A /* RouterMock.swift */ = {isa = PBXFileReference; lastKnownFileType = sourcecode.swift; path = RouterMock.swift; sourceTree = "<group>"; };
		A9B5411F260FBE24008D5D9A /* UINavigationControllerMock.swift */ = {isa = PBXFileReference; lastKnownFileType = sourcecode.swift; path = UINavigationControllerMock.swift; sourceTree = "<group>"; };
		A9B54124260FBE40008D5D9A /* BaseCoordinatorTest.swift */ = {isa = PBXFileReference; lastKnownFileType = sourcecode.swift; path = BaseCoordinatorTest.swift; sourceTree = "<group>"; };
		A9B54129260FBFA5008D5D9A /* RouterUnitTests.swift */ = {isa = PBXFileReference; lastKnownFileType = sourcecode.swift; path = RouterUnitTests.swift; sourceTree = "<group>"; };
		A9B54136260FE778008D5D9A /* XCTestCase+loadFromStub.swift */ = {isa = PBXFileReference; lastKnownFileType = sourcecode.swift; path = "XCTestCase+loadFromStub.swift"; sourceTree = "<group>"; };
		A9B54147260FE99C008D5D9A /* Rocket.json */ = {isa = PBXFileReference; lastKnownFileType = text.json; path = Rocket.json; sourceTree = "<group>"; };
		A9B5414B260FE9C9008D5D9A /* DependencyProviderMock.swift */ = {isa = PBXFileReference; lastKnownFileType = sourcecode.swift; path = DependencyProviderMock.swift; sourceTree = "<group>"; };
		A9B54150260FEC0A008D5D9A /* LaunchCellViewModelTests.swift */ = {isa = PBXFileReference; lastKnownFileType = sourcecode.swift; path = LaunchCellViewModelTests.swift; sourceTree = "<group>"; };
		A9B54156260FEDC0008D5D9A /* RocketDetailsViewModelTests.swift */ = {isa = PBXFileReference; lastKnownFileType = sourcecode.swift; path = RocketDetailsViewModelTests.swift; sourceTree = "<group>"; };
		A9B5415E260FEEDF008D5D9A /* Launch.json */ = {isa = PBXFileReference; lastKnownFileType = text.json; path = Launch.json; sourceTree = "<group>"; };
		B357761789BEB3F99BE3DE7A /* Pods_SpaceX.framework */ = {isa = PBXFileReference; explicitFileType = wrapper.framework; includeInIndex = 0; path = Pods_SpaceX.framework; sourceTree = BUILT_PRODUCTS_DIR; };
		B680A9D38EC5436FB64C8238 /* Pods_SpaceXTests.framework */ = {isa = PBXFileReference; explicitFileType = wrapper.framework; includeInIndex = 0; path = Pods_SpaceXTests.framework; sourceTree = BUILT_PRODUCTS_DIR; };
		D6ED67ECA21D48CB06DD460A /* Pods-SpaceX.debug.xcconfig */ = {isa = PBXFileReference; includeInIndex = 1; lastKnownFileType = text.xcconfig; name = "Pods-SpaceX.debug.xcconfig"; path = "Target Support Files/Pods-SpaceX/Pods-SpaceX.debug.xcconfig"; sourceTree = "<group>"; };
/* End PBXFileReference section */

/* Begin PBXFrameworksBuildPhase section */
		A95F14AC260D3A4400B3C423 /* Frameworks */ = {
			isa = PBXFrameworksBuildPhase;
			buildActionMask = 2147483647;
			files = (
				819BE5256095B645C0EE89E0 /* Pods_SpaceX.framework in Frameworks */,
			);
			runOnlyForDeploymentPostprocessing = 0;
		};
		A95F14C2260D3A4600B3C423 /* Frameworks */ = {
			isa = PBXFrameworksBuildPhase;
			buildActionMask = 2147483647;
			files = (
				DA22F7201C65F1778975C183 /* Pods_SpaceXTests.framework in Frameworks */,
			);
			runOnlyForDeploymentPostprocessing = 0;
		};
/* End PBXFrameworksBuildPhase section */

/* Begin PBXGroup section */
		6C3EDCDC7B7B2AD7032B4447 /* Frameworks */ = {
			isa = PBXGroup;
			children = (
				B357761789BEB3F99BE3DE7A /* Pods_SpaceX.framework */,
				B680A9D38EC5436FB64C8238 /* Pods_SpaceXTests.framework */,
			);
			name = Frameworks;
			sourceTree = "<group>";
		};
		A3EDF6E5C8C32F756D74C4D2 /* Pods */ = {
			isa = PBXGroup;
			children = (
				D6ED67ECA21D48CB06DD460A /* Pods-SpaceX.debug.xcconfig */,
				9A79BD673396B7E9F7BCA6C0 /* Pods-SpaceX.release.xcconfig */,
				2AEFAF9624CFA5BDAC0F95F6 /* Pods-SpaceXTests.debug.xcconfig */,
				02FC7A505711450BA06CB482 /* Pods-SpaceXTests.release.xcconfig */,
			);
			path = Pods;
			sourceTree = "<group>";
		};
		A95F14A6260D3A4400B3C423 = {
			isa = PBXGroup;
			children = (
				A95F14B1260D3A4400B3C423 /* SpaceX */,
				A95F14C8260D3A4600B3C423 /* SpaceXTests */,
				A95F14B0260D3A4400B3C423 /* Products */,
				A3EDF6E5C8C32F756D74C4D2 /* Pods */,
				6C3EDCDC7B7B2AD7032B4447 /* Frameworks */,
			);
			sourceTree = "<group>";
		};
		A95F14B0260D3A4400B3C423 /* Products */ = {
			isa = PBXGroup;
			children = (
				A95F14AF260D3A4400B3C423 /* SpaceX.app */,
				A95F14C5260D3A4600B3C423 /* SpaceXTests.xctest */,
			);
			name = Products;
			sourceTree = "<group>";
		};
		A95F14B1260D3A4400B3C423 /* SpaceX */ = {
			isa = PBXGroup;
			children = (
				A95F15E4260D5B6D00B3C423 /* Application */,
				A95F15C2260D4D3500B3C423 /* Flows */,
				A95F15B7260D4C2600B3C423 /* Dependencies */,
				A95F1596260D4B3100B3C423 /* Extensions */,
				A95F1588260D4AC700B3C423 /* Utilities */,
				A95F156E260D4A5200B3C423 /* Resources */,
				A95F1547260D493900B3C423 /* Coordinators */,
				A95F1539260D41AD00B3C423 /* Services */,
				A95F1508260D3D3500B3C423 /* Models */,
				A95F14E6260D3C3000B3C423 /* Protocols */,
				A95F14B8260D3A4400B3C423 /* Main.storyboard */,
				A95F14BD260D3A4500B3C423 /* LaunchScreen.storyboard */,
				A95F14C0260D3A4500B3C423 /* Info.plist */,
			);
			path = SpaceX;
			sourceTree = "<group>";
		};
		A95F14C8260D3A4600B3C423 /* SpaceXTests */ = {
			isa = PBXGroup;
			children = (
				A9B54116260FBD95008D5D9A /* Mocks */,
				A9B5413C260FE818008D5D9A /* Stubs */,
				A9B54115260FBD87008D5D9A /* CoordinatorsTests */,
				A9B5416C260FF843008D5D9A /* RocketDetailsModuleTests */,
				A9B5414F260FEBE4008D5D9A /* LaunchListModuleTests */,
				A9B54135260FE767008D5D9A /* Extensions */,
				A95F14CB260D3A4600B3C423 /* Info.plist */,
			);
			path = SpaceXTests;
			sourceTree = "<group>";
		};
		A95F14E5260D3C0500B3C423 /* LaunchListModule */ = {
			isa = PBXGroup;
			children = (
				A95F152E260D416200B3C423 /* LaunchTableViewCell */,
				A95F152F260D418A00B3C423 /* LaunchListViewController.swift */,
				A95F1534260D419500B3C423 /* LaunchListViewModel.swift */,
			);
			path = LaunchListModule;
			sourceTree = "<group>";
		};
		A95F14E6260D3C3000B3C423 /* Protocols */ = {
			isa = PBXGroup;
			children = (
				A95F14E7260D3C4500B3C423 /* LaunchSelectable.swift */,
				A95F14EF260D3C5200B3C423 /* Selectable.swift */,
				A95F14F4260D3C5F00B3C423 /* Configurable.swift */,
				A95F14F9260D3C9600B3C423 /* LaunchCellRepresentable.swift */,
				A95F14FE260D3CA500B3C423 /* Reusable.swift */,
				A95F15A8260D4B6200B3C423 /* Dateable.swift */,
			);
			path = Protocols;
			sourceTree = "<group>";
		};
		A95F1508260D3D3500B3C423 /* Models */ = {
			isa = PBXGroup;
			children = (
				A95F1509260D3D4400B3C423 /* Launch.swift */,
				A95F150E260D3D4B00B3C423 /* Rocket.swift */,
			);
			path = Models;
			sourceTree = "<group>";
		};
		A95F152E260D416200B3C423 /* LaunchTableViewCell */ = {
			isa = PBXGroup;
			children = (
				A95F1503260D3CE100B3C423 /* LaunchTableViewCell.swift */,
				A95F1521260D3EA900B3C423 /* LaunchTableViewCell.xib */,
				A95F1529260D3FB700B3C423 /* LaunchViewModel.swift */,
			);
			path = LaunchTableViewCell;
			sourceTree = "<group>";
		};
		A95F1539260D41AD00B3C423 /* Services */ = {
			isa = PBXGroup;
			children = (
				A95F153F260D429400B3C423 /* NetworkService.swift */,
				A95F153A260D41C300B3C423 /* SpacexService.swift */,
			);
			path = Services;
			sourceTree = "<group>";
		};
		A95F1547260D493900B3C423 /* Coordinators */ = {
			isa = PBXGroup;
			children = (
				A95F1548260D494900B3C423 /* BaseImplementation */,
				A95F1556260D496D00B3C423 /* Protocols */,
			);
			name = Coordinators;
			sourceTree = "<group>";
		};
		A95F1548260D494900B3C423 /* BaseImplementation */ = {
			isa = PBXGroup;
			children = (
				A95F1549260D495800B3C423 /* BaseCoordinator.swift */,
				A95F1551260D496300B3C423 /* Router.swift */,
			);
			name = BaseImplementation;
			sourceTree = "<group>";
		};
		A95F1556260D496D00B3C423 /* Protocols */ = {
			isa = PBXGroup;
			children = (
				A95F1557260D497A00B3C423 /* CoordinatorType.swift */,
				A95F155F260D499000B3C423 /* Coordinator.swift */,
				A95F1564260D49A100B3C423 /* Presentable.swift */,
				A95F1569260D49B300B3C423 /* RouterType.swift */,
			);
			name = Protocols;
			sourceTree = "<group>";
		};
		A95F156E260D4A5200B3C423 /* Resources */ = {
			isa = PBXGroup;
			children = (
				A95F1574260D4A7100B3C423 /* Fonts */,
				A95F156F260D4A6500B3C423 /* loader-animation.json */,
				A95F14BB260D3A4500B3C423 /* Assets.xcassets */,
			);
			path = Resources;
			sourceTree = "<group>";
		};
		A95F1574260D4A7100B3C423 /* Fonts */ = {
			isa = PBXGroup;
			children = (
				A95F1577260D4A7C00B3C423 /* Poppins-Bold.ttf */,
				A95F1575260D4A7C00B3C423 /* Poppins-ExtraBold.ttf */,
				A95F1578260D4A7C00B3C423 /* Poppins-ExtraLight.ttf */,
				A95F157B260D4A7C00B3C423 /* Poppins-Light.ttf */,
				A95F1579260D4A7C00B3C423 /* Poppins-Medium.ttf */,
				A95F1576260D4A7C00B3C423 /* Poppins-Regular.ttf */,
				A95F157A260D4A7C00B3C423 /* Poppins-SemiBold.ttf */,
				A95F157C260D4A7C00B3C423 /* Poppins-Thin.ttf */,
			);
			path = Fonts;
			sourceTree = "<group>";
		};
		A95F1588260D4AC700B3C423 /* Utilities */ = {
			isa = PBXGroup;
			children = (
				A95F1589260D4AD700B3C423 /* Fonts.swift */,
				A95F1591260D4AEE00B3C423 /* LoaderHUD.swift */,
			);
			path = Utilities;
			sourceTree = "<group>";
		};
		A95F1596260D4B3100B3C423 /* Extensions */ = {
			isa = PBXGroup;
			children = (
				A95F15CC260D4E3000B3C423 /* UIStoryboard+Extension.swift */,
				A95F159D260D4B4D00B3C423 /* Date+Dateable.swift */,
				A95F1597260D4B4D00B3C423 /* String+ToDate.swift */,
				A95F159A260D4B4D00B3C423 /* UIButton+Extensions.swift */,
				A95F159C260D4B4D00B3C423 /* UIColor+AppColors.swift */,
				A95F1598260D4B4D00B3C423 /* UILabel+Extensions.swift */,
				A95F1599260D4B4D00B3C423 /* UITextfield+Extensions.swift */,
				A95F159B260D4B4D00B3C423 /* UIViewController+Extensions.swift */,
				A95F15D4260D4FF900B3C423 /* UITableView+Extensions.swift */,
			);
			path = Extensions;
			sourceTree = "<group>";
		};
		A95F15B7260D4C2600B3C423 /* Dependencies */ = {
			isa = PBXGroup;
			children = (
				A95F15BD260D4C3E00B3C423 /* HasNetworkService.swift */,
			);
			path = Dependencies;
			sourceTree = "<group>";
		};
		A95F15C2260D4D3500B3C423 /* Flows */ = {
			isa = PBXGroup;
			children = (
				A95F15D9260D519700B3C423 /* RocketDetailsModule */,
				A95F14E5260D3C0500B3C423 /* LaunchListModule */,
				A95F15C3260D4D4300B3C423 /* AppMainFlow */,
			);
			path = Flows;
			sourceTree = "<group>";
		};
		A95F15C3260D4D4300B3C423 /* AppMainFlow */ = {
			isa = PBXGroup;
			children = (
				A95F15C4260D4D4E00B3C423 /* ModuleFactory */,
			);
			path = AppMainFlow;
			sourceTree = "<group>";
		};
		A95F15C4260D4D4E00B3C423 /* ModuleFactory */ = {
			isa = PBXGroup;
			children = (
				A95F15C5260D4D5700B3C423 /* AppModuleFactory.swift */,
				A95F15C6260D4D5700B3C423 /* AppModuleFactoryType.swift */,
			);
			path = ModuleFactory;
			sourceTree = "<group>";
		};
		A95F15D9260D519700B3C423 /* RocketDetailsModule */ = {
			isa = PBXGroup;
			children = (
				A95F15DA260D51BB00B3C423 /* RocketDetailsViewController.swift */,
				A95F15DF260D51C700B3C423 /* RocketDetailsViewModel.swift */,
			);
			path = RocketDetailsModule;
			sourceTree = "<group>";
		};
		A95F15E4260D5B6D00B3C423 /* Application */ = {
			isa = PBXGroup;
			children = (
				A95F14B2260D3A4400B3C423 /* AppDelegate.swift */,
				A95F15B2260D4BA000B3C423 /* AppCoordinator.swift */,
				A95F15AD260D4B8C00B3C423 /* CustomNavigationController.swift */,
				A95F15B8260D4C3000B3C423 /* DependencyProvider.swift */,
			);
			path = Application;
			sourceTree = "<group>";
		};
		A9B54115260FBD87008D5D9A /* CoordinatorsTests */ = {
			isa = PBXGroup;
			children = (
				A9B54124260FBE40008D5D9A /* BaseCoordinatorTest.swift */,
				A9B54129260FBFA5008D5D9A /* RouterUnitTests.swift */,
			);
			path = CoordinatorsTests;
			sourceTree = "<group>";
		};
		A9B54116260FBD95008D5D9A /* Mocks */ = {
			isa = PBXGroup;
			children = (
				A9B54117260FBE02008D5D9A /* RouterMock.swift */,
				A9B5411F260FBE24008D5D9A /* UINavigationControllerMock.swift */,
				A9B5414B260FE9C9008D5D9A /* DependencyProviderMock.swift */,
			);
			path = Mocks;
			sourceTree = "<group>";
		};
		A9B54135260FE767008D5D9A /* Extensions */ = {
			isa = PBXGroup;
			children = (
				A9B54136260FE778008D5D9A /* XCTestCase+loadFromStub.swift */,
			);
			path = Extensions;
			sourceTree = "<group>";
		};
		A9B5413C260FE818008D5D9A /* Stubs */ = {
			isa = PBXGroup;
			children = (
				A9B54147260FE99C008D5D9A /* Rocket.json */,
				A9B5415E260FEEDF008D5D9A /* Launch.json */,
			);
			path = Stubs;
			sourceTree = "<group>";
		};
		A9B5414F260FEBE4008D5D9A /* LaunchListModuleTests */ = {
			isa = PBXGroup;
			children = (
				A9B54150260FEC0A008D5D9A /* LaunchCellViewModelTests.swift */,
			);
			path = LaunchListModuleTests;
			sourceTree = "<group>";
		};
		A9B5416C260FF843008D5D9A /* RocketDetailsModuleTests */ = {
			isa = PBXGroup;
			children = (
				A9B54156260FEDC0008D5D9A /* RocketDetailsViewModelTests.swift */,
			);
			path = RocketDetailsModuleTests;
			sourceTree = "<group>";
		};
/* End PBXGroup section */

/* Begin PBXNativeTarget section */
		A95F14AE260D3A4400B3C423 /* SpaceX */ = {
			isa = PBXNativeTarget;
			buildConfigurationList = A95F14D9260D3A4600B3C423 /* Build configuration list for PBXNativeTarget "SpaceX" */;
			buildPhases = (
				AA32BB74DCCAC93201CC61BC /* [CP] Check Pods Manifest.lock */,
				A95F14AB260D3A4400B3C423 /* Sources */,
				A95F14AC260D3A4400B3C423 /* Frameworks */,
				A95F14AD260D3A4400B3C423 /* Resources */,
				BE1E9C892E41D8DFB9C3EF35 /* [CP] Embed Pods Frameworks */,
			);
			buildRules = (
			);
			dependencies = (
			);
			name = SpaceX;
			productName = SpaceX;
			productReference = A95F14AF260D3A4400B3C423 /* SpaceX.app */;
			productType = "com.apple.product-type.application";
		};
		A95F14C4260D3A4600B3C423 /* SpaceXTests */ = {
			isa = PBXNativeTarget;
			buildConfigurationList = A95F14DC260D3A4600B3C423 /* Build configuration list for PBXNativeTarget "SpaceXTests" */;
			buildPhases = (
				844C48760290F06365C4FCEC /* [CP] Check Pods Manifest.lock */,
				A95F14C1260D3A4600B3C423 /* Sources */,
				A95F14C2260D3A4600B3C423 /* Frameworks */,
				A95F14C3260D3A4600B3C423 /* Resources */,
			);
			buildRules = (
			);
			dependencies = (
				A95F14C7260D3A4600B3C423 /* PBXTargetDependency */,
			);
			name = SpaceXTests;
			productName = SpaceXTests;
			productReference = A95F14C5260D3A4600B3C423 /* SpaceXTests.xctest */;
			productType = "com.apple.product-type.bundle.unit-test";
		};
/* End PBXNativeTarget section */

/* Begin PBXProject section */
		A95F14A7260D3A4400B3C423 /* Project object */ = {
			isa = PBXProject;
			attributes = {
				LastSwiftUpdateCheck = 1220;
				LastUpgradeCheck = 1220;
				TargetAttributes = {
					A95F14AE260D3A4400B3C423 = {
						CreatedOnToolsVersion = 12.2;
					};
					A95F14C4260D3A4600B3C423 = {
						CreatedOnToolsVersion = 12.2;
						TestTargetID = A95F14AE260D3A4400B3C423;
					};
				};
			};
			buildConfigurationList = A95F14AA260D3A4400B3C423 /* Build configuration list for PBXProject "SpaceX" */;
			compatibilityVersion = "Xcode 9.3";
			developmentRegion = en;
			hasScannedForEncodings = 0;
			knownRegions = (
				en,
				Base,
			);
			mainGroup = A95F14A6260D3A4400B3C423;
			productRefGroup = A95F14B0260D3A4400B3C423 /* Products */;
			projectDirPath = "";
			projectRoot = "";
			targets = (
				A95F14AE260D3A4400B3C423 /* SpaceX */,
				A95F14C4260D3A4600B3C423 /* SpaceXTests */,
			);
		};
/* End PBXProject section */

/* Begin PBXResourcesBuildPhase section */
		A95F14AD260D3A4400B3C423 /* Resources */ = {
			isa = PBXResourcesBuildPhase;
			buildActionMask = 2147483647;
			files = (
				A95F1522260D3EA900B3C423 /* LaunchTableViewCell.xib in Resources */,
				A95F14BF260D3A4500B3C423 /* LaunchScreen.storyboard in Resources */,
				A95F1582260D4A7C00B3C423 /* Poppins-SemiBold.ttf in Resources */,
				A95F1584260D4A7C00B3C423 /* Poppins-Thin.ttf in Resources */,
				A95F157E260D4A7C00B3C423 /* Poppins-Regular.ttf in Resources */,
				A95F1580260D4A7C00B3C423 /* Poppins-ExtraLight.ttf in Resources */,
				A95F157F260D4A7C00B3C423 /* Poppins-Bold.ttf in Resources */,
				A95F14BC260D3A4500B3C423 /* Assets.xcassets in Resources */,
				A95F1583260D4A7C00B3C423 /* Poppins-Light.ttf in Resources */,
				A95F14BA260D3A4400B3C423 /* Main.storyboard in Resources */,
				A95F157D260D4A7C00B3C423 /* Poppins-ExtraBold.ttf in Resources */,
				A95F1570260D4A6500B3C423 /* loader-animation.json in Resources */,
				A95F1581260D4A7C00B3C423 /* Poppins-Medium.ttf in Resources */,
			);
			runOnlyForDeploymentPostprocessing = 0;
		};
		A95F14C3260D3A4600B3C423 /* Resources */ = {
			isa = PBXResourcesBuildPhase;
			buildActionMask = 2147483647;
			files = (
				A9B5415F260FEEDF008D5D9A /* Launch.json in Resources */,
				A9B54148260FE99C008D5D9A /* Rocket.json in Resources */,
			);
			runOnlyForDeploymentPostprocessing = 0;
		};
/* End PBXResourcesBuildPhase section */

/* Begin PBXShellScriptBuildPhase section */
		844C48760290F06365C4FCEC /* [CP] Check Pods Manifest.lock */ = {
			isa = PBXShellScriptBuildPhase;
			buildActionMask = 2147483647;
			files = (
			);
			inputFileListPaths = (
			);
			inputPaths = (
				"${PODS_PODFILE_DIR_PATH}/Podfile.lock",
				"${PODS_ROOT}/Manifest.lock",
			);
			name = "[CP] Check Pods Manifest.lock";
			outputFileListPaths = (
			);
			outputPaths = (
				"$(DERIVED_FILE_DIR)/Pods-SpaceXTests-checkManifestLockResult.txt",
			);
			runOnlyForDeploymentPostprocessing = 0;
			shellPath = /bin/sh;
			shellScript = "diff \"${PODS_PODFILE_DIR_PATH}/Podfile.lock\" \"${PODS_ROOT}/Manifest.lock\" > /dev/null\nif [ $? != 0 ] ; then\n    # print error to STDERR\n    echo \"error: The sandbox is not in sync with the Podfile.lock. Run 'pod install' or update your CocoaPods installation.\" >&2\n    exit 1\nfi\n# This output is used by Xcode 'outputs' to avoid re-running this script phase.\necho \"SUCCESS\" > \"${SCRIPT_OUTPUT_FILE_0}\"\n";
			showEnvVarsInLog = 0;
		};
		AA32BB74DCCAC93201CC61BC /* [CP] Check Pods Manifest.lock */ = {
			isa = PBXShellScriptBuildPhase;
			buildActionMask = 2147483647;
			files = (
			);
			inputFileListPaths = (
			);
			inputPaths = (
				"${PODS_PODFILE_DIR_PATH}/Podfile.lock",
				"${PODS_ROOT}/Manifest.lock",
			);
			name = "[CP] Check Pods Manifest.lock";
			outputFileListPaths = (
			);
			outputPaths = (
				"$(DERIVED_FILE_DIR)/Pods-SpaceX-checkManifestLockResult.txt",
			);
			runOnlyForDeploymentPostprocessing = 0;
			shellPath = /bin/sh;
			shellScript = "diff \"${PODS_PODFILE_DIR_PATH}/Podfile.lock\" \"${PODS_ROOT}/Manifest.lock\" > /dev/null\nif [ $? != 0 ] ; then\n    # print error to STDERR\n    echo \"error: The sandbox is not in sync with the Podfile.lock. Run 'pod install' or update your CocoaPods installation.\" >&2\n    exit 1\nfi\n# This output is used by Xcode 'outputs' to avoid re-running this script phase.\necho \"SUCCESS\" > \"${SCRIPT_OUTPUT_FILE_0}\"\n";
			showEnvVarsInLog = 0;
		};
		BE1E9C892E41D8DFB9C3EF35 /* [CP] Embed Pods Frameworks */ = {
			isa = PBXShellScriptBuildPhase;
			buildActionMask = 2147483647;
			files = (
			);
			inputFileListPaths = (
				"${PODS_ROOT}/Target Support Files/Pods-SpaceX/Pods-SpaceX-frameworks-${CONFIGURATION}-input-files.xcfilelist",
			);
			name = "[CP] Embed Pods Frameworks";
			outputFileListPaths = (
				"${PODS_ROOT}/Target Support Files/Pods-SpaceX/Pods-SpaceX-frameworks-${CONFIGURATION}-output-files.xcfilelist",
			);
			runOnlyForDeploymentPostprocessing = 0;
			shellPath = /bin/sh;
			shellScript = "\"${PODS_ROOT}/Target Support Files/Pods-SpaceX/Pods-SpaceX-frameworks.sh\"\n";
			showEnvVarsInLog = 0;
		};
/* End PBXShellScriptBuildPhase section */

/* Begin PBXSourcesBuildPhase section */
		A95F14AB260D3A4400B3C423 /* Sources */ = {
			isa = PBXSourcesBuildPhase;
			buildActionMask = 2147483647;
			files = (
				A95F15B9260D4C3000B3C423 /* DependencyProvider.swift in Sources */,
				A95F14F5260D3C5F00B3C423 /* Configurable.swift in Sources */,
				A95F15A1260D4B4D00B3C423 /* UIButton+Extensions.swift in Sources */,
				A95F15B3260D4BA000B3C423 /* AppCoordinator.swift in Sources */,
				A95F14F0260D3C5200B3C423 /* Selectable.swift in Sources */,
				A95F15E0260D51C700B3C423 /* RocketDetailsViewModel.swift in Sources */,
				A95F15CD260D4E3000B3C423 /* UIStoryboard+Extension.swift in Sources */,
				A95F156A260D49B300B3C423 /* RouterType.swift in Sources */,
				A95F14E8260D3C4500B3C423 /* LaunchSelectable.swift in Sources */,
				A95F15C8260D4D5700B3C423 /* AppModuleFactoryType.swift in Sources */,
				A95F1552260D496300B3C423 /* Router.swift in Sources */,
				A95F15DB260D51BB00B3C423 /* RocketDetailsViewController.swift in Sources */,
				A95F15A4260D4B4D00B3C423 /* Date+Dateable.swift in Sources */,
				A95F1558260D497A00B3C423 /* CoordinatorType.swift in Sources */,
				A95F1530260D418A00B3C423 /* LaunchListViewController.swift in Sources */,
				A95F14FF260D3CA500B3C423 /* Reusable.swift in Sources */,
				A95F15BE260D4C3E00B3C423 /* HasNetworkService.swift in Sources */,
				A95F154A260D495800B3C423 /* BaseCoordinator.swift in Sources */,
				A95F15A3260D4B4D00B3C423 /* UIColor+AppColors.swift in Sources */,
				A95F15A0260D4B4D00B3C423 /* UITextfield+Extensions.swift in Sources */,
				A95F1592260D4AEE00B3C423 /* LoaderHUD.swift in Sources */,
				A95F159E260D4B4D00B3C423 /* String+ToDate.swift in Sources */,
				A95F15D5260D4FF900B3C423 /* UITableView+Extensions.swift in Sources */,
				A95F158A260D4AD700B3C423 /* Fonts.swift in Sources */,
				A95F14B3260D3A4400B3C423 /* AppDelegate.swift in Sources */,
				A95F153B260D41C300B3C423 /* SpacexService.swift in Sources */,
				A95F159F260D4B4D00B3C423 /* UILabel+Extensions.swift in Sources */,
				A95F1560260D499000B3C423 /* Coordinator.swift in Sources */,
				A95F1504260D3CE100B3C423 /* LaunchTableViewCell.swift in Sources */,
				A95F15C7260D4D5700B3C423 /* AppModuleFactory.swift in Sources */,
				A95F1540260D429400B3C423 /* NetworkService.swift in Sources */,
				A95F1535260D419500B3C423 /* LaunchListViewModel.swift in Sources */,
				A95F150A260D3D4400B3C423 /* Launch.swift in Sources */,
				A95F14FA260D3C9700B3C423 /* LaunchCellRepresentable.swift in Sources */,
				A95F15A9260D4B6200B3C423 /* Dateable.swift in Sources */,
				A95F150F260D3D4B00B3C423 /* Rocket.swift in Sources */,
				A95F15AE260D4B8C00B3C423 /* CustomNavigationController.swift in Sources */,
				A95F152A260D3FB700B3C423 /* LaunchViewModel.swift in Sources */,
				A95F1565260D49A100B3C423 /* Presentable.swift in Sources */,
				A95F15A2260D4B4D00B3C423 /* UIViewController+Extensions.swift in Sources */,
			);
			runOnlyForDeploymentPostprocessing = 0;
		};
		A95F14C1260D3A4600B3C423 /* Sources */ = {
			isa = PBXSourcesBuildPhase;
			buildActionMask = 2147483647;
			files = (
				A9B54118260FBE02008D5D9A /* RouterMock.swift in Sources */,
				A9B54137260FE778008D5D9A /* XCTestCase+loadFromStub.swift in Sources */,
				A9B5414C260FE9C9008D5D9A /* DependencyProviderMock.swift in Sources */,
				A9B54120260FBE24008D5D9A /* UINavigationControllerMock.swift in Sources */,
				A9B54157260FEDC0008D5D9A /* RocketDetailsViewModelTests.swift in Sources */,
				A9B5412A260FBFA5008D5D9A /* RouterUnitTests.swift in Sources */,
				A9B54125260FBE40008D5D9A /* BaseCoordinatorTest.swift in Sources */,
				A9B54151260FEC0A008D5D9A /* LaunchCellViewModelTests.swift in Sources */,
			);
			runOnlyForDeploymentPostprocessing = 0;
		};
/* End PBXSourcesBuildPhase section */

/* Begin PBXTargetDependency section */
		A95F14C7260D3A4600B3C423 /* PBXTargetDependency */ = {
			isa = PBXTargetDependency;
			target = A95F14AE260D3A4400B3C423 /* SpaceX */;
			targetProxy = A95F14C6260D3A4600B3C423 /* PBXContainerItemProxy */;
		};
/* End PBXTargetDependency section */

/* Begin PBXVariantGroup section */
		A95F14B8260D3A4400B3C423 /* Main.storyboard */ = {
			isa = PBXVariantGroup;
			children = (
				A95F14B9260D3A4400B3C423 /* Base */,
			);
			name = Main.storyboard;
			sourceTree = "<group>";
		};
		A95F14BD260D3A4500B3C423 /* LaunchScreen.storyboard */ = {
			isa = PBXVariantGroup;
			children = (
				A95F14BE260D3A4500B3C423 /* Base */,
			);
			name = LaunchScreen.storyboard;
			sourceTree = "<group>";
		};
/* End PBXVariantGroup section */

/* Begin XCBuildConfiguration section */
		A95F14D7260D3A4600B3C423 /* Debug */ = {
			isa = XCBuildConfiguration;
			buildSettings = {
				ALWAYS_SEARCH_USER_PATHS = NO;
				CLANG_ANALYZER_NONNULL = YES;
				CLANG_ANALYZER_NUMBER_OBJECT_CONVERSION = YES_AGGRESSIVE;
				CLANG_CXX_LANGUAGE_STANDARD = "gnu++14";
				CLANG_CXX_LIBRARY = "libc++";
				CLANG_ENABLE_MODULES = YES;
				CLANG_ENABLE_OBJC_ARC = YES;
				CLANG_ENABLE_OBJC_WEAK = YES;
				CLANG_WARN_BLOCK_CAPTURE_AUTORELEASING = YES;
				CLANG_WARN_BOOL_CONVERSION = YES;
				CLANG_WARN_COMMA = YES;
				CLANG_WARN_CONSTANT_CONVERSION = YES;
				CLANG_WARN_DEPRECATED_OBJC_IMPLEMENTATIONS = YES;
				CLANG_WARN_DIRECT_OBJC_ISA_USAGE = YES_ERROR;
				CLANG_WARN_DOCUMENTATION_COMMENTS = YES;
				CLANG_WARN_EMPTY_BODY = YES;
				CLANG_WARN_ENUM_CONVERSION = YES;
				CLANG_WARN_INFINITE_RECURSION = YES;
				CLANG_WARN_INT_CONVERSION = YES;
				CLANG_WARN_NON_LITERAL_NULL_CONVERSION = YES;
				CLANG_WARN_OBJC_IMPLICIT_RETAIN_SELF = YES;
				CLANG_WARN_OBJC_LITERAL_CONVERSION = YES;
				CLANG_WARN_OBJC_ROOT_CLASS = YES_ERROR;
				CLANG_WARN_QUOTED_INCLUDE_IN_FRAMEWORK_HEADER = YES;
				CLANG_WARN_RANGE_LOOP_ANALYSIS = YES;
				CLANG_WARN_STRICT_PROTOTYPES = YES;
				CLANG_WARN_SUSPICIOUS_MOVE = YES;
				CLANG_WARN_UNGUARDED_AVAILABILITY = YES_AGGRESSIVE;
				CLANG_WARN_UNREACHABLE_CODE = YES;
				CLANG_WARN__DUPLICATE_METHOD_MATCH = YES;
				COPY_PHASE_STRIP = NO;
				DEBUG_INFORMATION_FORMAT = dwarf;
				ENABLE_STRICT_OBJC_MSGSEND = YES;
				ENABLE_TESTABILITY = YES;
				GCC_C_LANGUAGE_STANDARD = gnu11;
				GCC_DYNAMIC_NO_PIC = NO;
				GCC_NO_COMMON_BLOCKS = YES;
				GCC_OPTIMIZATION_LEVEL = 0;
				GCC_PREPROCESSOR_DEFINITIONS = (
					"DEBUG=1",
					"$(inherited)",
				);
				GCC_WARN_64_TO_32_BIT_CONVERSION = YES;
				GCC_WARN_ABOUT_RETURN_TYPE = YES_ERROR;
				GCC_WARN_UNDECLARED_SELECTOR = YES;
				GCC_WARN_UNINITIALIZED_AUTOS = YES_AGGRESSIVE;
				GCC_WARN_UNUSED_FUNCTION = YES;
				GCC_WARN_UNUSED_VARIABLE = YES;
				IPHONEOS_DEPLOYMENT_TARGET = 14.0;
				MTL_ENABLE_DEBUG_INFO = INCLUDE_SOURCE;
				MTL_FAST_MATH = YES;
				ONLY_ACTIVE_ARCH = YES;
				SDKROOT = iphoneos;
				SWIFT_ACTIVE_COMPILATION_CONDITIONS = DEBUG;
				SWIFT_OPTIMIZATION_LEVEL = "-Onone";
			};
			name = Debug;
		};
		A95F14D8260D3A4600B3C423 /* Release */ = {
			isa = XCBuildConfiguration;
			buildSettings = {
				ALWAYS_SEARCH_USER_PATHS = NO;
				CLANG_ANALYZER_NONNULL = YES;
				CLANG_ANALYZER_NUMBER_OBJECT_CONVERSION = YES_AGGRESSIVE;
				CLANG_CXX_LANGUAGE_STANDARD = "gnu++14";
				CLANG_CXX_LIBRARY = "libc++";
				CLANG_ENABLE_MODULES = YES;
				CLANG_ENABLE_OBJC_ARC = YES;
				CLANG_ENABLE_OBJC_WEAK = YES;
				CLANG_WARN_BLOCK_CAPTURE_AUTORELEASING = YES;
				CLANG_WARN_BOOL_CONVERSION = YES;
				CLANG_WARN_COMMA = YES;
				CLANG_WARN_CONSTANT_CONVERSION = YES;
				CLANG_WARN_DEPRECATED_OBJC_IMPLEMENTATIONS = YES;
				CLANG_WARN_DIRECT_OBJC_ISA_USAGE = YES_ERROR;
				CLANG_WARN_DOCUMENTATION_COMMENTS = YES;
				CLANG_WARN_EMPTY_BODY = YES;
				CLANG_WARN_ENUM_CONVERSION = YES;
				CLANG_WARN_INFINITE_RECURSION = YES;
				CLANG_WARN_INT_CONVERSION = YES;
				CLANG_WARN_NON_LITERAL_NULL_CONVERSION = YES;
				CLANG_WARN_OBJC_IMPLICIT_RETAIN_SELF = YES;
				CLANG_WARN_OBJC_LITERAL_CONVERSION = YES;
				CLANG_WARN_OBJC_ROOT_CLASS = YES_ERROR;
				CLANG_WARN_QUOTED_INCLUDE_IN_FRAMEWORK_HEADER = YES;
				CLANG_WARN_RANGE_LOOP_ANALYSIS = YES;
				CLANG_WARN_STRICT_PROTOTYPES = YES;
				CLANG_WARN_SUSPICIOUS_MOVE = YES;
				CLANG_WARN_UNGUARDED_AVAILABILITY = YES_AGGRESSIVE;
				CLANG_WARN_UNREACHABLE_CODE = YES;
				CLANG_WARN__DUPLICATE_METHOD_MATCH = YES;
				COPY_PHASE_STRIP = NO;
				DEBUG_INFORMATION_FORMAT = "dwarf-with-dsym";
				ENABLE_NS_ASSERTIONS = NO;
				ENABLE_STRICT_OBJC_MSGSEND = YES;
				GCC_C_LANGUAGE_STANDARD = gnu11;
				GCC_NO_COMMON_BLOCKS = YES;
				GCC_WARN_64_TO_32_BIT_CONVERSION = YES;
				GCC_WARN_ABOUT_RETURN_TYPE = YES_ERROR;
				GCC_WARN_UNDECLARED_SELECTOR = YES;
				GCC_WARN_UNINITIALIZED_AUTOS = YES_AGGRESSIVE;
				GCC_WARN_UNUSED_FUNCTION = YES;
				GCC_WARN_UNUSED_VARIABLE = YES;
				IPHONEOS_DEPLOYMENT_TARGET = 14.0;
				MTL_ENABLE_DEBUG_INFO = NO;
				MTL_FAST_MATH = YES;
				SDKROOT = iphoneos;
				SWIFT_COMPILATION_MODE = wholemodule;
				SWIFT_OPTIMIZATION_LEVEL = "-O";
				VALIDATE_PRODUCT = YES;
			};
			name = Release;
		};
		A95F14DA260D3A4600B3C423 /* Debug */ = {
			isa = XCBuildConfiguration;
			baseConfigurationReference = D6ED67ECA21D48CB06DD460A /* Pods-SpaceX.debug.xcconfig */;
			buildSettings = {
				ASSETCATALOG_COMPILER_APPICON_NAME = AppIcon;
				ASSETCATALOG_COMPILER_GLOBAL_ACCENT_COLOR_NAME = AccentColor;
				CODE_SIGN_STYLE = Automatic;
				DEVELOPMENT_TEAM = KN396HM44D;
				INFOPLIST_FILE = SpaceX/Info.plist;
				LD_RUNPATH_SEARCH_PATHS = (
					"$(inherited)",
					"@executable_path/Frameworks",
				);
				PRODUCT_BUNDLE_IDENTIFIER = com.spacex.SpaceX;
				PRODUCT_NAME = "$(TARGET_NAME)";
				SWIFT_VERSION = 5.0;
				TARGETED_DEVICE_FAMILY = "1,2";
			};
			name = Debug;
		};
		A95F14DB260D3A4600B3C423 /* Release */ = {
			isa = XCBuildConfiguration;
			baseConfigurationReference = 9A79BD673396B7E9F7BCA6C0 /* Pods-SpaceX.release.xcconfig */;
			buildSettings = {
				ASSETCATALOG_COMPILER_APPICON_NAME = AppIcon;
				ASSETCATALOG_COMPILER_GLOBAL_ACCENT_COLOR_NAME = AccentColor;
				CODE_SIGN_STYLE = Automatic;
				DEVELOPMENT_TEAM = KN396HM44D;
				INFOPLIST_FILE = SpaceX/Info.plist;
				LD_RUNPATH_SEARCH_PATHS = (
					"$(inherited)",
					"@executable_path/Frameworks",
				);
				PRODUCT_BUNDLE_IDENTIFIER = com.spacex.SpaceX;
				PRODUCT_NAME = "$(TARGET_NAME)";
				SWIFT_VERSION = 5.0;
				TARGETED_DEVICE_FAMILY = "1,2";
			};
			name = Release;
		};
		A95F14DD260D3A4600B3C423 /* Debug */ = {
			isa = XCBuildConfiguration;
			baseConfigurationReference = 2AEFAF9624CFA5BDAC0F95F6 /* Pods-SpaceXTests.debug.xcconfig */;
			buildSettings = {
				ALWAYS_EMBED_SWIFT_STANDARD_LIBRARIES = YES;
				BUNDLE_LOADER = "$(TEST_HOST)";
				CODE_SIGN_STYLE = Automatic;
				DEVELOPMENT_TEAM = 22G5JBSF3C;
				INFOPLIST_FILE = SpaceXTests/Info.plist;
				IPHONEOS_DEPLOYMENT_TARGET = 14.2;
				LD_RUNPATH_SEARCH_PATHS = (
					"$(inherited)",
					"@executable_path/Frameworks",
					"@loader_path/Frameworks",
				);
				PRODUCT_BUNDLE_IDENTIFIER = com.spacex.SpaceXTests;
				PRODUCT_NAME = "$(TARGET_NAME)";
				SWIFT_VERSION = 5.0;
				TARGETED_DEVICE_FAMILY = "1,2";
				TEST_HOST = "$(BUILT_PRODUCTS_DIR)/SpaceX.app/SpaceX";
			};
			name = Debug;
		};
		A95F14DE260D3A4600B3C423 /* Release */ = {
			isa = XCBuildConfiguration;
			baseConfigurationReference = 02FC7A505711450BA06CB482 /* Pods-SpaceXTests.release.xcconfig */;
			buildSettings = {
				ALWAYS_EMBED_SWIFT_STANDARD_LIBRARIES = YES;
				BUNDLE_LOADER = "$(TEST_HOST)";
				CODE_SIGN_STYLE = Automatic;
				DEVELOPMENT_TEAM = 22G5JBSF3C;
				INFOPLIST_FILE = SpaceXTests/Info.plist;
				IPHONEOS_DEPLOYMENT_TARGET = 14.2;
				LD_RUNPATH_SEARCH_PATHS = (
					"$(inherited)",
					"@executable_path/Frameworks",
					"@loader_path/Frameworks",
				);
				PRODUCT_BUNDLE_IDENTIFIER = com.spacex.SpaceXTests;
				PRODUCT_NAME = "$(TARGET_NAME)";
				SWIFT_VERSION = 5.0;
				TARGETED_DEVICE_FAMILY = "1,2";
				TEST_HOST = "$(BUILT_PRODUCTS_DIR)/SpaceX.app/SpaceX";
			};
			name = Release;
		};
/* End XCBuildConfiguration section */

/* Begin XCConfigurationList section */
		A95F14AA260D3A4400B3C423 /* Build configuration list for PBXProject "SpaceX" */ = {
			isa = XCConfigurationList;
			buildConfigurations = (
				A95F14D7260D3A4600B3C423 /* Debug */,
				A95F14D8260D3A4600B3C423 /* Release */,
			);
			defaultConfigurationIsVisible = 0;
			defaultConfigurationName = Release;
		};
		A95F14D9260D3A4600B3C423 /* Build configuration list for PBXNativeTarget "SpaceX" */ = {
			isa = XCConfigurationList;
			buildConfigurations = (
				A95F14DA260D3A4600B3C423 /* Debug */,
				A95F14DB260D3A4600B3C423 /* Release */,
			);
			defaultConfigurationIsVisible = 0;
			defaultConfigurationName = Release;
		};
		A95F14DC260D3A4600B3C423 /* Build configuration list for PBXNativeTarget "SpaceXTests" */ = {
			isa = XCConfigurationList;
			buildConfigurations = (
				A95F14DD260D3A4600B3C423 /* Debug */,
				A95F14DE260D3A4600B3C423 /* Release */,
			);
			defaultConfigurationIsVisible = 0;
			defaultConfigurationName = Release;
		};
/* End XCConfigurationList section */
	};
	rootObject = A95F14A7260D3A4400B3C423 /* Project object */;
}
